
Microsoft Visual Studio Solution File, Format Version 12.00
# Visual Studio Version 17
VisualStudioVersion = 17.5.002.0
MinimumVisualStudioVersion = 10.0.40219.1
Project("{9A19103F-16F7-4668-BE54-9A1E7A4F7556}") = "DoAnXNA2", "DoAnXNA2.csproj", "{A98CA3A5-07EB-48E5-8D9D-DF925EA418B5}"
EndProject
Global
	GlobalSection(SolutionConfigurationPlatforms) = preSolution
		Debug|Any CPU = Debug|Any CPU
		Release|Any CPU = Release|Any CPU
	EndGlobalSection
	GlobalSection(ProjectConfigurationPlatforms) = postSolution
		{A98CA3A5-07EB-48E5-8D9D-DF925EA418B5}.Debug|Any CPU.ActiveCfg = Debug|Any CPU
		{A98CA3A5-07EB-48E5-8D9D-DF925EA418B5}.Debug|Any CPU.Build.0 = Debug|Any CPU
		{A98CA3A5-07EB-48E5-8D9D-DF925EA418B5}.Release|Any CPU.ActiveCfg = Release|Any CPU
		{A98CA3A5-07EB-48E5-8D9D-DF925EA418B5}.Release|Any CPU.Build.0 = Release|Any CPU
	EndGlobalSection
	GlobalSection(SolutionProperties) = preSolution
		HideSolutionNode = FALSE
	EndGlobalSection
	GlobalSection(ExtensibilityGlobals) = postSolution
		SolutionGuid = {0153A9D6-DF44-4845-AF27-210F8E734246}
	EndGlobalSection
EndGlobal
